version = 1
revision = 3
requires-python = ">=3.9"

[[package]]
name = "hyperscan"
version = "0.8.2"
source = { registry = "https://pypi.org/simple" }
sdist = { url = "https://files.pythonhosted.org/packages/c3/26/21daad311299a416059cf1919c51410573180cf7133b42927693f19c0af7/hyperscan-0.8.2.tar.gz", hash = "sha256:1724e87e8f77f033a4592dc2cda7aecd10c91dfc718b55fa5379d0c95cff28e8", size = 125600, upload-time = "2026-03-19T01:47:34.538Z" }
wheels = [
    { url = "https://files.pythonhosted.org/packages/c6/54/fa1e1d7ebca4b652b7f4fc1bae489dfbb61ac8f48dcba376476d9fc5ce76/hyperscan-0.8.2-cp310-cp310-macosx_10_9_x86_64.whl", hash = "sha256:caabe9e95dc228c8af774be0e9cb566679727ff16b46c56c7ade7f8f23c0b422", size = 2043892, upload-time = "2026-03-19T01:46:22.137Z" },
    { url = "https://files.pythonhosted.org/packages/78/c3/2276e4c52dc3261c1a96438dd240809d1b8ce0ecb18aab5bc90211219bde/hyperscan-0.8.2-cp310-cp310-macosx_11_0_arm64.whl", hash = "sha256:56a515703d59a7ad8ac3ff71aa67f63c91f6f7ae531313cbd9fa56702bb427b3", size = 2032793, upload-time = "2026-03-19T01:46:24.361Z" },
    { url = "https://files.pythonhosted.org/packages/42/9c/be0424a28f82ddcdfd8ff4072216c28cad534d531ffb0a75a7aaf62ae2c1/hyperscan-0.8.2-cp310-cp310-manylinux2014_x86_64.manylinux_2_17_x86_64.whl", hash = "sha256:8072cdac8fcdec0cb128330c90effc0d73bdb3a9cf0d43ad74fb2405f083248a", size = 2763703, upload-time = "2026-03-19T01:46:25.791Z" },
    { url = "https://files.pythonhosted.org/packages/e9/5e/d822515b762b62804b8878740c78734cf1a9ecfcc2f64c89fcb39b9aa0a6/hyperscan-0.8.2-cp310-cp310-manylinux_2_24_aarch64.manylinux_2_28_aarch64.whl", hash = "sha256:1c70f9953fb16f846371d5a563718f9fc8247964a49f48561f272663f5c36db5", size = 2567515, upload-time = "2026-03-19T01:46:27.693Z" },
    { url = "https://files.pythonhosted.org/packages/ee/63/4deeec2d64528f6bf12798101007d32ae91dfaf9899571f871d9361e579e/hyperscan-0.8.2-cp310-cp310-musllinux_1_2_aarch64.whl", hash = "sha256:2adb6ff1c7f5ba21848018818b924af17bf8106050bccd8954fb7f00473fda7b", size = 2389575, upload-time = "2026-03-19T01:46:29.001Z" },
    { url = "https://files.pythonhosted.org/packages/29/2d/ab83ccba19aa61d944d3aedd7fad3e4e6f3418c0fabdc82f1cb6137dcb88/hyperscan-0.8.2-cp310-cp310-musllinux_1_2_x86_64.whl", hash = "sha256:bb9ad9a7d08fe74bce8e75dc853ad29959b93c7ec91904da5fe9f665638642fd", size = 2429055, upload-time = "2026-03-19T01:46:30.77Z" },
    { url = "https://files.pythonhosted.org/packages/11/e0/4ce7448d28b3738ec14fa0e5b79b5f122fd0e02131f8b88982a436f2a490/hyperscan-0.8.2-cp310-cp310-win_amd64.whl", hash = "sha256:98790dd787525ec1e544600d416e5be4917df62870769a92d3a3343fec6b498f", size = 1956048, upload-time = "2026-03-19T01:46:32.461Z" },
    { url = "https://files.pythonhosted.org/packages/61/ac/3bcd2b459fac0a96a57717af1f6d0e367f4012c222c689053e4ca48a7e62/hyperscan-0.8.2-cp311-cp311-macosx_10_9_x86_64.whl", hash = "sha256:aad242455cd389667127b4fae1dc4b1900cfed7949b0a04a8ce65fdbec58fffe", size = 2043833, upload-time = "2026-03-19T01:46:34.059Z" },
    { url = "https://files.pythonhosted.org/packages/1f/3f/fa73cb7805dc5b35fc4dbefa876909d605488726f0e66f0c58830424a630/hyperscan-0.8.2-cp311-cp311-macosx_11_0_arm64.whl", hash = "sha256:ac0bcdc9fdc48e1a6be0d237a73b0f128693a8f15f1942a21d75911049a3b86e", size = 2033060, upload-time = "2026-03-19T01:46:35.481Z" },
    { url = "https://files.pythonhosted.org/packages/21/fa/97f2dc50e14f53a6b6161d43594340a670f38b5a670a6a8639402f68e092/hyperscan-0.8.2-cp311-cp311-manylinux2014_x86_64.manylinux_2_17_x86_64.whl", hash = "sha256:2c5743855e603158938fd63de012e8f6c9fcea45c8e421256db5ea6724994cbb", size = 2763708, upload-time = "2026-03-19T01:46:36.886Z" },
    { url = "https://files.pythonhosted.org/packages/ef/10/997daa5580fcf489c4b4acb31d48a24ce94ba35ec432760e846787e94bbb/hyperscan-0.8.2-cp311-cp311-manylinux_2_24_aarch64.manylinux_2_28_aarch64.whl", hash = "sha256:e6519ed19d4ea003904dabd03840460a6653f0f6878c1e0f4b42f8496f4934c7", size = 2567520, upload-time = "2026-03-19T01:46:38.475Z" },
    { url = "https://files.pythonhosted.org/packages/c4/84/6504e247965f5e756e1dd4ec6b8887dc66721cd1be93f9360b5d54feb817/hyperscan-0.8.2-cp311-cp311-musllinux_1_2_aarch64.whl", hash = "sha256:d3f0c31f083e6e01a4a3dd5531b4fc15297b5861f7d0edd42bf996b5977194ee", size = 2389579, upload-time = "2026-03-19T01:46:40.269Z" },
    { url = "https://files.pythonhosted.org/packages/3a/8d/40eccee260db88480a43d3cb70ede3f6e4ecd5ad98483d53712083a83150/hyperscan-0.8.2-cp311-cp311-musllinux_1_2_x86_64.whl", hash = "sha256:c0498ffda7f6c2c925880fb7aa76cd3390ec1e483395f5f3688f006c6744d2fe", size = 2429054, upload-time = "2026-03-19T01:46:41.679Z" },
    { url = "https://files.pythonhosted.org/packages/8f/56/ed521bc605fbda551da92e001f639dd20465768a3df29bf8670bfce285e5/hyperscan-0.8.2-cp311-cp311-win_amd64.whl", hash = "sha256:f8698b77fe8107a693401bb34dac24fcfbf8e2b566cfba910550b71836c7492c", size = 1956011, upload-time = "2026-03-19T01:46:43.388Z" },
    { url = "https://files.pythonhosted.org/packages/8e/e7/3ef1af7ff5bc3d7f982db7503c56235c7047579671a49579125ac5d3a925/hyperscan-0.8.2-cp312-cp312-macosx_10_13_x86_64.whl", hash = "sha256:a1a755ad9fc4009d6e4089690d6bdc5ff8d88f68d5722d785262873c71d366e7", size = 2044075, upload-time = "2026-03-19T01:46:44.737Z" },
    { url = "https://files.pythonhosted.org/packages/45/de/759613ef35f95b85da57d7e589eafc27afc5bc9cf0b6137d6cda3c64c49b/hyperscan-0.8.2-cp312-cp312-macosx_11_0_arm64.whl", hash = "sha256:896576e389f3ef6e2af57313734a168f91c8447cb1196baab880f7f32cc54865", size = 2033004, upload-time = "2026-03-19T01:46:46.449Z" },
    { url = "https://files.pythonhosted.org/packages/e4/26/05ebcfb4053337b2cc53f291d5898abc641348a51b6051130e80bf2a46e7/hyperscan-0.8.2-cp312-cp312-manylinux2014_x86_64.manylinux_2_17_x86_64.whl", hash = "sha256:7e3805b7361601b595f2ea3a55846bd5aec5aff16eced10dee294c4a0611d030", size = 2763725, upload-time = "2026-03-19T01:46:48.208Z" },
    { url = "https://files.pythonhosted.org/packages/40/cf/2827d66dd4e085243d1df00358100adc5f3f0e0da9fce0667aca4340f8e1/hyperscan-0.8.2-cp312-cp312-manylinux_2_24_aarch64.manylinux_2_28_aarch64.whl", hash = "sha256:1504682c0093f17bc6dcf816ec02b35064fcce466eef33a78a3af2928c136a74", size = 2567754, upload-time = "2026-03-19T01:46:49.793Z" },
    { url = "https://files.pythonhosted.org/packages/65/7b/476ef22ab2545e78369a562851b90ebc2ee7e268b8c14ba4635644279f46/hyperscan-0.8.2-cp312-cp312-musllinux_1_2_aarch64.whl", hash = "sha256:895af7f56f004e9e8026553d0c5b60a4ccb96f5d5c052f791903281c7e4447c7", size = 2389783, upload-time = "2026-03-19T01:46:51.522Z" },
    { url = "https://files.pythonhosted.org/packages/46/ed/b7cb598f945e357224f3015a9145ac02451690e367707e31a282c95b3ec3/hyperscan-0.8.2-cp312-cp312-musllinux_1_2_x86_64.whl", hash = "sha256:2f1dc2af1ab796184af1561327c3762a8f8f6af55e5d31bb918f04fc7ccc2c79", size = 2429035, upload-time = "2026-03-19T01:46:53.029Z" },
    { url = "https://files.pythonhosted.org/packages/cb/f2/4b1707df64cf6a99c70fdc2e721f85ee1ea950cddea7567c176aa31eb8ee/hyperscan-0.8.2-cp312-cp312-win_amd64.whl", hash = "sha256:d4ff62248d770d99b789cc1cac83b197da3efc0f1fefda943af2587c66aea4e2", size = 1956238, upload-time = "2026-03-19T01:46:54.798Z" },
    { url = "https://files.pythonhosted.org/packages/fc/fd/34ed5d1ddb1b0ad384a05b5afdb1f302c145cb4bb885a1cd91266be04740/hyperscan-0.8.2-cp313-cp313-macosx_10_13_x86_64.whl", hash = "sha256:4fee39d8af5738e51dd6aa3684ffcb1c782dfa907a7a64f50c599635e80606dc", size = 2044020, upload-time = "2026-03-19T01:46:56.576Z" },
    { url = "https://files.pythonhosted.org/packages/e6/2b/a222d1cce1d203ef9c14ab48d6b5d8c9e3c457a7ebf29ed8dcd9b5ff9193/hyperscan-0.8.2-cp313-cp313-macosx_11_0_arm64.whl", hash = "sha256:7bdac73df001759538f9beee957ac2224739b5ac49814f96a6c3cd2a1fcdafa0", size = 2032948, upload-time = "2026-03-19T01:46:58.688Z" },
    { url = "https://files.pythonhosted.org/packages/74/d7/44b8879c6e6e5c32f3d47f6be425778bd4124a5f19d0d30610f60a61f817/hyperscan-0.8.2-cp313-cp313-manylinux2014_x86_64.manylinux_2_17_x86_64.whl", hash = "sha256:177692a7688e64e1c77f0af5f23eaad937c452798cd15c0db86bf98b5dce4671", size = 2763696, upload-time = "2026-03-19T01:47:00.159Z" },
    { url = "https://files.pythonhosted.org/packages/48/0f/d0014ef543ef7327c437337905acbba271632698bd755673126d698bb1fe/hyperscan-0.8.2-cp313-cp313-manylinux_2_24_aarch64.manylinux_2_28_aarch64.whl", hash = "sha256:7ec49927002a38ac767d0f18e17135602e493bf2f720548bf7d43a3af2f810a0", size = 2567752, upload-time = "2026-03-19T01:47:01.97Z" },
    { url = "https://files.pythonhosted.org/packages/a7/25/e25ce2c7b76d758e3ca8013e1df3c7388240e9f72e07f003ce55f0fef628/hyperscan-0.8.2-cp313-cp313-musllinux_1_2_aarch64.whl", hash = "sha256:1055fac1eec046bfc67254d4ea900852597b2eca8e7219e3e558fb869c48100e", size = 2389688, upload-time = "2026-03-19T01:47:03.482Z" },
    { url = "https://files.pythonhosted.org/packages/d1/bd/b0afe3df17a843a9df3cd60e6a63b31b6c3d5a672f5641eb64eeb91a1707/hyperscan-0.8.2-cp313-cp313-musllinux_1_2_x86_64.whl", hash = "sha256:d94495f8be1c0efe9e24ca3f10796c23921f8556a53b20d5619d4e96861d2f59", size = 2429031, upload-time = "2026-03-19T01:47:05.088Z" },
    { url = "https://files.pythonhosted.org/packages/e8/62/9e62e22214b47fbd42c58397691d119cb73c0e60ca6a932cf597aaf65f30/hyperscan-0.8.2-cp313-cp313-win_amd64.whl", hash = "sha256:7d5a6ac08dab6c9879c87221858371d63545c08920e09bffa258a555843f6ef3", size = 1956255, upload-time = "2026-03-19T01:47:06.645Z" },
    { url = "https://files.pythonhosted.org/packages/22/ed/9c45c468fd6c31df3fe0622394b1853c00b86545d1e297f3fb9fba1232ce/hyperscan-0.8.2-cp314-cp314-macosx_10_15_x86_64.whl", hash = "sha256:2c579c1ebccc384d904de4a20e7a105df6041dd82adb54cb9acd5bb19b9b07dc", size = 2044182, upload-time = "2026-03-19T01:47:08.646Z" },
    { url = "https://files.pythonhosted.org/packages/d8/da/a8bb48a4fee86b5dad8a358559b70b010cd7effaa70ca5bb4e6e82e13703/hyperscan-0.8.2-cp314-cp314-macosx_11_0_arm64.whl", hash = "sha256:4e9f8d1ae2c9596385d906e062b9e0081ae843e3975fd4a656e5fcf6bbc48c13", size = 2033127, upload-time = "2026-03-19T01:47:10.06Z" },
    { url = "https://files.pythonhosted.org/packages/d0/23/49cf8ea1d129637941f06fb78f5f66077bf362762c5f6c01712c4cd0e87f/hyperscan-0.8.2-cp314-cp314-manylinux2014_x86_64.manylinux_2_17_x86_64.whl", hash = "sha256:0c0af5d882bd6afb61e2b9a13c0d39fcbcee49c62f392096d6303bd34452813f", size = 2763734, upload-time = "2026-03-19T01:47:11.978Z" },
    { url = "https://files.pythonhosted.org/packages/75/59/efd759feafd2e43e7e3d5c70ff9ce432f57f8a7ae99e118323f5a4e07b48/hyperscan-0.8.2-cp314-cp314-manylinux_2_24_aarch64.manylinux_2_28_aarch64.whl", hash = "sha256:a89fa851d005e1da98c8e86eafe833ce3d6eb94403a28ee2474c76a0d3549c8f", size = 2567828, upload-time = "2026-03-19T01:47:13.575Z" },
    { url = "https://files.pythonhosted.org/packages/29/a0/b87aca2d65a25f1bc86b6a9feedae742ce46fa28130d71d527073f14e0b5/hyperscan-0.8.2-cp314-cp314-musllinux_1_2_aarch64.whl", hash = "sha256:7e3a50d4ed6013ee806b7a1d9df3b7e4e9bd3cdb1c100646c1108099c65c0e49", size = 2389751, upload-time = "2026-03-19T01:47:15.297Z" },
    { url = "https://files.pythonhosted.org/packages/27/0d/b4b7d35ffb318f2c1dca5386a32cb81dfa1bda3b6531ec5e00e9ac212b23/hyperscan-0.8.2-cp314-cp314-musllinux_1_2_x86_64.whl", hash = "sha256:a15b320331397174dc3bb2165cb777e17efec63ca98e6e2b0e746f1d91783eb3", size = 2428970, upload-time = "2026-03-19T01:47:17.087Z" },
    { url = "https://files.pythonhosted.org/packages/8c/eb/c3ce0663887d42c91c866c253968bd487130fce8803d6f3d394f2f867ce1/hyperscan-0.8.2-cp314-cp314-win_amd64.whl", hash = "sha256:97901184d32f3f4f55942a95554eefa6ab518d3dab89ac40fbc671aa3e74cee9", size = 2018309, upload-time = "2026-03-19T01:47:18.536Z" },
    { url = "https://files.pythonhosted.org/packages/80/4c/e8efb8f89beb77a650c6a0d6256c8b1446741ab527887f89e9c7650a8336/hyperscan-0.8.2-cp314-cp314t-macosx_10_15_x86_64.whl", hash = "sha256:db1746044bf93d678d659b54c27a89db908ece22d9791356be43988b1595708f", size = 2045411, upload-time = "2026-03-19T01:47:20.272Z" },
    { url = "https://files.pythonhosted.org/packages/c0/45/9fca5f1007fa73c5543224a51c2ac54061057efd5f605fa73f2b4491d4ec/hyperscan-0.8.2-cp314-cp314t-macosx_11_0_arm64.whl", hash = "sha256:e3336020dbf09fccb13a31214bd9144b90efdb5b7d5dbfb6bbcb4ffdf766b089", size = 2033635, upload-time = "2026-03-19T01:47:21.751Z" },
    { url = "https://files.pythonhosted.org/packages/0b/12/9e64ff95f12c59160caffa89f7bc464c9e333e085bd8a3bb2b5e9724ac91/hyperscan-0.8.2-cp314-cp314t-manylinux2014_x86_64.manylinux_2_17_x86_64.whl", hash = "sha256:f786cce45929f6e89b65c51491cf0220a2c0aa3986a4de59add1544c35a4eed8", size = 2764102, upload-time = "2026-03-19T01:47:23.489Z" },
    { url = "https://files.pythonhosted.org/packages/21/cb/752517d150f13a25642356782bc6ff347780a082190886aeb4df294cf053/hyperscan-0.8.2-cp314-cp314t-manylinux_2_24_aarch64.manylinux_2_28_aarch64.whl", hash = "sha256:d2b87370fce6d263fadd3e7f29cb9312e6bd23246c1f368f7a798cff20acea2c", size = 2568323, upload-time = "2026-03-19T01:47:25.099Z" },
    { url = "https://files.pythonhosted.org/packages/5f/0a/ea830ff2b5c0f2bad632f5cadef67170a2bfa82b68fb426113f414d67770/hyperscan-0.8.2-cp314-cp314t-musllinux_1_2_aarch64.whl", hash = "sha256:087bd427d35d21c813977cb3f4b053cac7627f4189c99ebf07c58f2c24a9f4f6", size = 2391147, upload-time = "2026-03-19T01:47:27.263Z" },
    { url = "https://files.pythonhosted.org/packages/80/00/8a234cec06d7d01656c2a81bf21d2a3b49b6217f695de3efa88fa0e6d87b/hyperscan-0.8.2-cp314-cp314t-musllinux_1_2_x86_64.whl", hash = "sha256:7c23b9fe69fd65b70d62a4b63287d25a448def8128ce078c8c73d93f516c25f8", size = 2429993, upload-time = "2026-03-19T01:47:28.863Z" },
    { url = "https://files.pythonhosted.org/packages/3e/6f/ac64a368ecc5fde5e4d4498ad91d638baf0a9f324f25ea2205acf49d94eb/hyperscan-0.8.2-cp314-cp314t-win_amd64.whl", hash = "sha256:3c8ede76d732ca8daf75bb93a3edfc1b6bea38ffd19dcb989f78159f2f5550c5", size = 2019620, upload-time = "2026-03-19T01:47:30.356Z" },
    { url = "https://files.pythonhosted.org/packages/b3/2e/3872bec15c2a15a08491f178ced850b95f794c2702f4701829836abff60e/hyperscan-0.8.2-pp310-pypy310_pp73-manylinux2014_x86_64.manylinux_2_17_x86_64.whl", hash = "sha256:399a1ab5698e964ee2675bce5a0f175b28cf2494e15660777360e61a65bfea20", size = 2763673, upload-time = "2026-03-19T01:47:31.754Z" },
    { url = "https://files.pythonhosted.org/packages/fb/7a/8829ef6cb1d3b9137ac14a06d1e694742fceb5d50528034fa4840582d47a/hyperscan-0.8.2-pp310-pypy310_pp73-manylinux_2_24_aarch64.manylinux_2_28_aarch64.whl", hash = "sha256:f1d727a45c739315ac02d7e2ade738e63de9b03f6b021e00e18824544c2736ee", size = 2567585, upload-time = "2026-03-19T01:47:33.237Z" },
]

[[package]]
name = "search-claude-history"
version = "0.1.3"
source = { editable = "." }

[package.optional-dependencies]
hyperscan = [
    { name = "hyperscan" },
]

[package.metadata]
requires-dist = [{ name = "hyperscan", marker = "extra == 'hyperscan'", specifier = ">=0.7" }]
provides-extras = ["hyperscan"]
